
Microsoft Visual Studio Solution File, Format Version 12.00
# Visual Studio Version 17
VisualStudioVersion = 17.11.35303.130
MinimumVisualStudioVersion = 10.0.40219.1
Project("{FAE04EC0-301F-11D3-BF4B-00C04F79EFBC}") = "KoczkaBalazs241119", "KoczkaBalazs241119\KoczkaBalazs241119.csproj", "{7EEDC25C-8251-4E6A-A473-77C2B3444BC5}"
EndProject
Global
	GlobalSection(SolutionConfigurationPlatforms) = preSolution
		Debug|Any CPU = Debug|Any CPU
		Release|Any CPU = Release|Any CPU
	EndGlobalSection
	GlobalSection(ProjectConfigurationPlatforms) = postSolution
		{7EEDC25C-8251-4E6A-A473-77C2B3444BC5}.Debug|Any CPU.ActiveCfg = Debug|Any CPU
		{7EEDC25C-8251-4E6A-A473-77C2B3444BC5}.Debug|Any CPU.Build.0 = Debug|Any CPU
		{7EEDC25C-8251-4E6A-A473-77C2B3444BC5}.Release|Any CPU.ActiveCfg = Release|Any CPU
		{7EEDC25C-8251-4E6A-A473-77C2B3444BC5}.Release|Any CPU.Build.0 = Release|Any CPU
	EndGlobalSection
	GlobalSection(SolutionProperties) = preSolution
		HideSolutionNode = FALSE
	EndGlobalSection
	GlobalSection(ExtensibilityGlobals) = postSolution
		SolutionGuid = {F1005ED5-46E7-47ED-8BA5-2CD69828EC7E}
	EndGlobalSection
EndGlobal
